
Microsoft Visual Studio Solution File, Format Version 12.00
# Visual Studio Version 17
VisualStudioVersion = 17.9.34714.143
MinimumVisualStudioVersion = 10.0.40219.1
Project("{FAE04EC0-301F-11D3-BF4B-00C04F79EFBC}") = "PlantApp2", "PlantApp2\PlantApp2.csproj", "{47429EBA-889C-46B7-9359-56388ECEDF77}"
EndProject
Global
	GlobalSection(SolutionConfigurationPlatforms) = preSolution
		Debug|Any CPU = Debug|Any CPU
		Release|Any CPU = Release|Any CPU
	EndGlobalSection
	GlobalSection(ProjectConfigurationPlatforms) = postSolution
		{47429EBA-889C-46B7-9359-56388ECEDF77}.Debug|Any CPU.ActiveCfg = Debug|Any CPU
		{47429EBA-889C-46B7-9359-56388ECEDF77}.Debug|Any CPU.Build.0 = Debug|Any CPU
		{47429EBA-889C-46B7-9359-56388ECEDF77}.Release|Any CPU.ActiveCfg = Release|Any CPU
		{47429EBA-889C-46B7-9359-56388ECEDF77}.Release|Any CPU.Build.0 = Release|Any CPU
	EndGlobalSection
	GlobalSection(SolutionProperties) = preSolution
		HideSolutionNode = FALSE
	EndGlobalSection
	GlobalSection(ExtensibilityGlobals) = postSolution
		SolutionGuid = {E6821CF0-648D-404B-BC8C-5AEAB830F21C}
	EndGlobalSection
EndGlobal
